
Microsoft Visual Studio Solution File, Format Version 12.00
# Visual Studio Version 17
VisualStudioVersion = 17.6.33723.286
MinimumVisualStudioVersion = 10.0.40219.1
Project("{9A19103F-16F7-4668-BE54-9A1E7A4F7556}") = "API", "API\API.csproj", "{B0196750-84DF-4A65-8367-0001A2EBF944}"
EndProject
Global
	GlobalSection(SolutionConfigurationPlatforms) = preSolution
		Debug|Any CPU = Debug|Any CPU
		Release|Any CPU = Release|Any CPU
	EndGlobalSection
	GlobalSection(ProjectConfigurationPlatforms) = postSolution
		{B0196750-84DF-4A65-8367-0001A2EBF944}.Debug|Any CPU.ActiveCfg = Debug|Any CPU
		{B0196750-84DF-4A65-8367-0001A2EBF944}.Debug|Any CPU.Build.0 = Debug|Any CPU
		{B0196750-84DF-4A65-8367-0001A2EBF944}.Release|Any CPU.ActiveCfg = Release|Any CPU
		{B0196750-84DF-4A65-8367-0001A2EBF944}.Release|Any CPU.Build.0 = Release|Any CPU
	EndGlobalSection
	GlobalSection(SolutionProperties) = preSolution
		HideSolutionNode = FALSE
	EndGlobalSection
	GlobalSection(ExtensibilityGlobals) = postSolution
		SolutionGuid = {59BF5492-9E90-4D1B-B04C-4BD92D6D6AB3}
	EndGlobalSection
EndGlobal
